
Microsoft Visual Studio Solution File, Format Version 12.00
# Visual Studio Version 17
VisualStudioVersion = 17.12.35527.113 d17.12
MinimumVisualStudioVersion = 10.0.40219.1
Project("{FAE04EC0-301F-11D3-BF4B-00C04F79EFBC}") = "Lab2", "Lab2\Lab2.csproj", "{DA8E433E-66D9-49C8-AFF1-581EB500FD04}"
EndProject
Project("{FAE04EC0-301F-11D3-BF4B-00C04F79EFBC}") = "Lab2.Tests", "Lab2.Tests\Lab2.Tests.csproj", "{C431AB31-99FE-4DB1-BB09-FBE2D8674EA5}"
EndProject
Global
	GlobalSection(SolutionConfigurationPlatforms) = preSolution
		Debug|Any CPU = Debug|Any CPU
		Release|Any CPU = Release|Any CPU
	EndGlobalSection
	GlobalSection(ProjectConfigurationPlatforms) = postSolution
		{DA8E433E-66D9-49C8-AFF1-581EB500FD04}.Debug|Any CPU.ActiveCfg = Debug|Any CPU
		{DA8E433E-66D9-49C8-AFF1-581EB500FD04}.Debug|Any CPU.Build.0 = Debug|Any CPU
		{DA8E433E-66D9-49C8-AFF1-581EB500FD04}.Release|Any CPU.ActiveCfg = Release|Any CPU
		{DA8E433E-66D9-49C8-AFF1-581EB500FD04}.Release|Any CPU.Build.0 = Release|Any CPU
		{C431AB31-99FE-4DB1-BB09-FBE2D8674EA5}.Debug|Any CPU.ActiveCfg = Debug|Any CPU
		{C431AB31-99FE-4DB1-BB09-FBE2D8674EA5}.Debug|Any CPU.Build.0 = Debug|Any CPU
		{C431AB31-99FE-4DB1-BB09-FBE2D8674EA5}.Release|Any CPU.ActiveCfg = Release|Any CPU
		{C431AB31-99FE-4DB1-BB09-FBE2D8674EA5}.Release|Any CPU.Build.0 = Release|Any CPU
	EndGlobalSection
	GlobalSection(SolutionProperties) = preSolution
		HideSolutionNode = FALSE
	EndGlobalSection
EndGlobal
